// !$*UTF8*$!
{
	archiveVersion = 1;
	classes = {
	};
	objectVersion = 54;
	objects = {

/* Begin PBXBuildFile section */
		00E356F31AD99517003FC87E /* vocabularyTests.m in Sources */ = {isa = PBXBuildFile; fileRef = 00E356F21AD99517003FC87E /* vocabularyTests.m */; };
		0C80B921A6F3F58F76C31292 /* libPods-vocabulary.a in Frameworks */ = {isa = PBXBuildFile; fileRef = 5DCACB8F33CDC322A6C60F78 /* libPods-vocabulary.a */; };
		13B07FBC1A68108700A75B9A /* AppDelegate.mm in Sources */ = {isa = PBXBuildFile; fileRef = 13B07FB01A68108700A75B9A /* AppDelegate.mm */; };
		13B07FBF1A68108700A75B9A /* Images.xcassets in Resources */ = {isa = PBXBuildFile; fileRef = 13B07FB51A68108700A75B9A /* Images.xcassets */; };
		13B07FC11A68108700A75B9A /* main.m in Sources */ = {isa = PBXBuildFile; fileRef = 13B07FB71A68108700A75B9A /* main.m */; };
		7699B88040F8A987B510C191 /* libPods-vocabulary-vocabularyTests.a in Frameworks */ = {isa = PBXBuildFile; fileRef = 19F6CBCC0A4E27FBF8BF4A61 /* libPods-vocabulary-vocabularyTests.a */; };
		81AB9BB82411601600AC10FF /* LaunchScreen.storyboard in Resources */ = {isa = PBXBuildFile; fileRef = 81AB9BB72411601600AC10FF /* LaunchScreen.storyboard */; };
		8857426C28CB2780003FA109 /* quince.m4a in Resources */ = {isa = PBXBuildFile; fileRef = 8857426A28CB2780003FA109 /* quince.m4a */; };
		8857426D28CB2780003FA109 /* apricot.m4a in Resources */ = {isa = PBXBuildFile; fileRef = 8857426B28CB2780003FA109 /* apricot.m4a */; };
		8857427128CB2DEB003FA109 /* cherry_plum.m4a in Resources */ = {isa = PBXBuildFile; fileRef = 8857427028CB2DEB003FA109 /* cherry_plum.m4a */; };
		8857427328CB2E58003FA109 /* date.m4a in Resources */ = {isa = PBXBuildFile; fileRef = 8857427228CB2E58003FA109 /* date.m4a */; };
		8857427528CB2EC3003FA109 /* pumpkin.m4a in Resources */ = {isa = PBXBuildFile; fileRef = 8857427428CB2EC3003FA109 /* pumpkin.m4a */; };
		8857427728CB2F5D003FA109 /* pear.m4a in Resources */ = {isa = PBXBuildFile; fileRef = 8857427628CB2F5D003FA109 /* pear.m4a */; };
		8857427928CB3019003FA109 /* plum.m4a in Resources */ = {isa = PBXBuildFile; fileRef = 8857427828CB3019003FA109 /* plum.m4a */; };
		8857427B28CB3161003FA109 /* apple.m4a in Resources */ = {isa = PBXBuildFile; fileRef = 8857427A28CB3161003FA109 /* apple.m4a */; };
		8857427D28CB3171003FA109 /* fruit.m4a in Resources */ = {isa = PBXBuildFile; fileRef = 8857427C28CB3171003FA109 /* fruit.m4a */; };
		8857427E28CB374D003FA109 /* grape.m4a in Resources */ = {isa = PBXBuildFile; fileRef = 8857426E28CB2CC8003FA109 /* grape.m4a */; };
		88B80A3828C8C0FE00412F6C /* page-flip.wav in Resources */ = {isa = PBXBuildFile; fileRef = 88B80A3628C8C0FD00412F6C /* page-flip.wav */; };
		69CE6BADE9494474B75A25D7 /* Kanit-Black.ttf in Resources */ = {isa = PBXBuildFile; fileRef = EF601947A6684FF5833D3D20 /* Kanit-Black.ttf */; };
		551A5838C5A64820988E7024 /* Kanit-BlackItalic.ttf in Resources */ = {isa = PBXBuildFile; fileRef = 5FBF55F788E14429A98F46A2 /* Kanit-BlackItalic.ttf */; };
		A0E262BD61594142AB09BD43 /* Kanit-Bold.ttf in Resources */ = {isa = PBXBuildFile; fileRef = 7BBC0C5B5F5545998FD973FC /* Kanit-Bold.ttf */; };
		E68DE92A46E44708B5DEC95E /* Kanit-BoldItalic.ttf in Resources */ = {isa = PBXBuildFile; fileRef = EC11E7D62C294F5CA50B0DBD /* Kanit-BoldItalic.ttf */; };
		2C8A5AB138104BB4B7007D4C /* Kanit-ExtraBold.ttf in Resources */ = {isa = PBXBuildFile; fileRef = 94212B3AA94143BEBEF977F3 /* Kanit-ExtraBold.ttf */; };
		7C28E3588E0A4FFFB9D6469D /* Kanit-ExtraBoldItalic.ttf in Resources */ = {isa = PBXBuildFile; fileRef = 0FA87C1254EA41E493BBFCD4 /* Kanit-ExtraBoldItalic.ttf */; };
		EF08D95BB09F46F19172FC8E /* Kanit-ExtraLight.ttf in Resources */ = {isa = PBXBuildFile; fileRef = 339B468992DD4B518E7A62DB /* Kanit-ExtraLight.ttf */; };
		05B5DD9F31CE44328BBB5823 /* Kanit-ExtraLightItalic.ttf in Resources */ = {isa = PBXBuildFile; fileRef = AD95979494E6496F943AF04C /* Kanit-ExtraLightItalic.ttf */; };
		799AA42206464AA490C9903D /* Kanit-Italic.ttf in Resources */ = {isa = PBXBuildFile; fileRef = CE3FE21872314AAA89B0DA60 /* Kanit-Italic.ttf */; };
		9D63D18127C44A0D97A50434 /* Kanit-Light.ttf in Resources */ = {isa = PBXBuildFile; fileRef = 20C07BCB3C964D80A08CDC6E /* Kanit-Light.ttf */; };
		7B30BE94E7C04BD9BB4F9263 /* Kanit-LightItalic.ttf in Resources */ = {isa = PBXBuildFile; fileRef = CD0B11C27CAE4837993FF621 /* Kanit-LightItalic.ttf */; };
		35E8175640544DF9B5B2C626 /* Kanit-Medium.ttf in Resources */ = {isa = PBXBuildFile; fileRef = 12A9C26C6B654DA5BD19211C /* Kanit-Medium.ttf */; };
		44A98A7D45F2426E8B1C1902 /* Kanit-MediumItalic.ttf in Resources */ = {isa = PBXBuildFile; fileRef = 82FFAC2CE4514E4D8A9F1E6B /* Kanit-MediumItalic.ttf */; };
		ED09F2F676B84280A3ED92F4 /* Kanit-Regular.ttf in Resources */ = {isa = PBXBuildFile; fileRef = E396A06EA4954D808B6E60AD /* Kanit-Regular.ttf */; };
		45C99C4266A54166B21FE2AF /* Kanit-SemiBold.ttf in Resources */ = {isa = PBXBuildFile; fileRef = 6D9E995E764E4EF4BA1E16BA /* Kanit-SemiBold.ttf */; };
		07AA53A4D860402EAB1788B5 /* Kanit-SemiBoldItalic.ttf in Resources */ = {isa = PBXBuildFile; fileRef = 2CD95B3E07E741CFBAB5EB9F /* Kanit-SemiBoldItalic.ttf */; };
		240C47C55AEB484FB158FF5B /* Kanit-Thin.ttf in Resources */ = {isa = PBXBuildFile; fileRef = A08BF31B80F74352870FF0FE /* Kanit-Thin.ttf */; };
		7D8013C43AA6469E8AF1EFB5 /* Kanit-ThinItalic.ttf in Resources */ = {isa = PBXBuildFile; fileRef = A2DC2A704B0D48C78C24D6E7 /* Kanit-ThinItalic.ttf */; };
		9FA513ACBE1E4D31B70F8FCD /* Exo2-Black.ttf in Resources */ = {isa = PBXBuildFile; fileRef = DD6B2D44038141C2A55687F0 /* Exo2-Black.ttf */; };
		B743CF835DC64AFA9D88C9A8 /* Exo2-BlackItalic.ttf in Resources */ = {isa = PBXBuildFile; fileRef = D30AAF20E5724EFA9C559EBD /* Exo2-BlackItalic.ttf */; };
		5F58727854674E9B9774289D /* Exo2-Bold.ttf in Resources */ = {isa = PBXBuildFile; fileRef = DCB1B12E4BFC4E3FA081AE03 /* Exo2-Bold.ttf */; };
		036A997BA45A4D10B244AE22 /* Exo2-BoldItalic.ttf in Resources */ = {isa = PBXBuildFile; fileRef = B9B35008172A49428485EF58 /* Exo2-BoldItalic.ttf */; };
		1D6049A2870E4633A8E72402 /* Exo2-ExtraBold.ttf in Resources */ = {isa = PBXBuildFile; fileRef = 637C8B1B291C4D21A264E5EC /* Exo2-ExtraBold.ttf */; };
		A61F970F59FC48AD8FD23ED4 /* Exo2-ExtraBoldItalic.ttf in Resources */ = {isa = PBXBuildFile; fileRef = CD6A00BE12A442989389E7AC /* Exo2-ExtraBoldItalic.ttf */; };
		010DA7B119304D1C9BDF1C0A /* Exo2-ExtraLight.ttf in Resources */ = {isa = PBXBuildFile; fileRef = 955211DDBE814D8D9DFE328B /* Exo2-ExtraLight.ttf */; };
		93AEE3FCBEC44ED489A968E9 /* Exo2-ExtraLightItalic.ttf in Resources */ = {isa = PBXBuildFile; fileRef = 447A76BBABFC44A481CE6A54 /* Exo2-ExtraLightItalic.ttf */; };
		800CD71568BF4E5BA686DA37 /* Exo2-Italic.ttf in Resources */ = {isa = PBXBuildFile; fileRef = 2F3D049AEFA04375835211D6 /* Exo2-Italic.ttf */; };
		F2C9456861E74BD7BAC7F4BA /* Exo2-Light.ttf in Resources */ = {isa = PBXBuildFile; fileRef = 02415121F7904143ACB7C630 /* Exo2-Light.ttf */; };
		441DB048DD634AA9B841BC8A /* Exo2-LightItalic.ttf in Resources */ = {isa = PBXBuildFile; fileRef = 1A1385B471F24084911A9A66 /* Exo2-LightItalic.ttf */; };
		9F1B59B126AB424E94439387 /* Exo2-Medium.ttf in Resources */ = {isa = PBXBuildFile; fileRef = 85631BE9A83C439AB7E1D1DD /* Exo2-Medium.ttf */; };
		81B30F296F684A4AB4000CD3 /* Exo2-MediumItalic.ttf in Resources */ = {isa = PBXBuildFile; fileRef = B22561DDA9A542FCBF7C4B24 /* Exo2-MediumItalic.ttf */; };
		F24ABE3302BA44F3B159892D /* Exo2-Regular.ttf in Resources */ = {isa = PBXBuildFile; fileRef = 06DB2CDBBE1A433EBEF36B1C /* Exo2-Regular.ttf */; };
		E0EE3585013B48F48B268597 /* Exo2-SemiBold.ttf in Resources */ = {isa = PBXBuildFile; fileRef = BF3E6B30799A4A7E895E9B3F /* Exo2-SemiBold.ttf */; };
		B39A66D068294E4497449E13 /* Exo2-SemiBoldItalic.ttf in Resources */ = {isa = PBXBuildFile; fileRef = 507B81B61D6C44DBA9799FDC /* Exo2-SemiBoldItalic.ttf */; };
		FB5DCF4BC3AA4A7B9308A316 /* Exo2-Thin.ttf in Resources */ = {isa = PBXBuildFile; fileRef = 3A401232CA50439AB6BC9EE6 /* Exo2-Thin.ttf */; };
		7F8620FA986E4FD0979C8DA0 /* Exo2-ThinItalic.ttf in Resources */ = {isa = PBXBuildFile; fileRef = 5B874F083C204BDBBB757BE6 /* Exo2-ThinItalic.ttf */; };
		94AD82855BB14F5AA920A109 /* Philosopher-Bold.ttf in Resources */ = {isa = PBXBuildFile; fileRef = 41F58C738B334A8A93847453 /* Philosopher-Bold.ttf */; };
		B435745DC4084B7CB8C98087 /* Philosopher-BoldItalic.ttf in Resources */ = {isa = PBXBuildFile; fileRef = 1F1138C719F6403883BF3A06 /* Philosopher-BoldItalic.ttf */; };
		39108A406BDC43E08D7C9445 /* Philosopher-Italic.ttf in Resources */ = {isa = PBXBuildFile; fileRef = DFF30A6F19F24D0D8445921D /* Philosopher-Italic.ttf */; };
		29675461B59D4E3BBA6EAF30 /* Philosopher-Regular.ttf in Resources */ = {isa = PBXBuildFile; fileRef = 21DB716DD144454DBB01B1DA /* Philosopher-Regular.ttf */; };
		84BD4D3129734C7993CBB43D /* Lack-Italic.otf in Resources */ = {isa = PBXBuildFile; fileRef = 6CC811413AD341948887176B /* Lack-Italic.otf */; };
		FF5C94C204D4480A86564BF6 /* Lack-Line-Italic.otf in Resources */ = {isa = PBXBuildFile; fileRef = AA5C49DC6CA04798A0675CF2 /* Lack-Line-Italic.otf */; };
		65A3848D90D94E1696F26FD3 /* Lack-Line-Regular.otf in Resources */ = {isa = PBXBuildFile; fileRef = 03ED0626F3CE4E208B28F6C5 /* Lack-Line-Regular.otf */; };
		BFC694E4739447BF851E90D3 /* Lack-Regular.otf in Resources */ = {isa = PBXBuildFile; fileRef = 4900AA83568D4EC08E9FAAB3 /* Lack-Regular.otf */; };
		B9C194BF44AB4A279962F8BC /* EBGaramond-Regular.ttf in Resources */ = {isa = PBXBuildFile; fileRef = 9C11AED27DB140C6A6CED0C8 /* EBGaramond-Regular.ttf */; };
		290374169BA54AE6A1B71DA1 /* Bitter-Black.ttf in Resources */ = {isa = PBXBuildFile; fileRef = 7601C0051EB743B5A0FE04CD /* Bitter-Black.ttf */; };
		0A9CC0ABCD1540038B7C8F0B /* Bitter-BlackItalic.ttf in Resources */ = {isa = PBXBuildFile; fileRef = CD509BD08F6747E1B9768B2B /* Bitter-BlackItalic.ttf */; };
		3DB5D608508F406DB2DD6496 /* Bitter-Bold.ttf in Resources */ = {isa = PBXBuildFile; fileRef = 232D3963E18C412F870DBC22 /* Bitter-Bold.ttf */; };
		0E074E4FCCF2476FAD82103E /* Bitter-BoldItalic.ttf in Resources */ = {isa = PBXBuildFile; fileRef = 3BE6D9E1720146778EC1EA92 /* Bitter-BoldItalic.ttf */; };
		6C3BC7BE70A64FDC8286B6E6 /* Bitter-ExtraBold.ttf in Resources */ = {isa = PBXBuildFile; fileRef = C49154C360B9488E8B113033 /* Bitter-ExtraBold.ttf */; };
		19E43CC8128F40D481895C21 /* Bitter-ExtraBoldItalic.ttf in Resources */ = {isa = PBXBuildFile; fileRef = 2EEE601A51A24E3C8FA28312 /* Bitter-ExtraBoldItalic.ttf */; };
		027071DAE80A4E898F0608F8 /* Bitter-ExtraLight.ttf in Resources */ = {isa = PBXBuildFile; fileRef = 5989AA335CC34E08A9DD3A53 /* Bitter-ExtraLight.ttf */; };
		7438F894E4F54C60B263A786 /* Bitter-ExtraLightItalic.ttf in Resources */ = {isa = PBXBuildFile; fileRef = 554122E607AB449CB4072C5C /* Bitter-ExtraLightItalic.ttf */; };
		DF6DDAE13E4847718F26F9BC /* Bitter-Italic.ttf in Resources */ = {isa = PBXBuildFile; fileRef = E5026CAAA46443BFA2F08430 /* Bitter-Italic.ttf */; };
		7D322C50E7374E2480AE304E /* Bitter-Light.ttf in Resources */ = {isa = PBXBuildFile; fileRef = A19C5DFED77041E391FAA469 /* Bitter-Light.ttf */; };
		20E8B83724394543BA9A001A /* Bitter-LightItalic.ttf in Resources */ = {isa = PBXBuildFile; fileRef = A8283DD92D674B38A6A0A244 /* Bitter-LightItalic.ttf */; };
		1E3E978237A54B74B569C5F2 /* Bitter-Medium.ttf in Resources */ = {isa = PBXBuildFile; fileRef = A9FD866FF34F40DF8BBE061B /* Bitter-Medium.ttf */; };
		77C7C3FF02AC42E98FF58117 /* Bitter-MediumItalic.ttf in Resources */ = {isa = PBXBuildFile; fileRef = 8D69525CD61540788B6CD6B9 /* Bitter-MediumItalic.ttf */; };
		B96B697B6D834012A3DAA6AB /* Bitter-Regular.ttf in Resources */ = {isa = PBXBuildFile; fileRef = E54D12AF87BF42748A6FE934 /* Bitter-Regular.ttf */; };
		BB5418A93A68406E9CCC50B1 /* Bitter-SemiBold.ttf in Resources */ = {isa = PBXBuildFile; fileRef = 68C64930841E4CE9B2581618 /* Bitter-SemiBold.ttf */; };
		432324785DDE4712AAD53F40 /* Bitter-SemiBoldItalic.ttf in Resources */ = {isa = PBXBuildFile; fileRef = 5E9B32A577A0441B95075BDA /* Bitter-SemiBoldItalic.ttf */; };
		FC00B2AAB44B4984B23C8512 /* Bitter-Thin.ttf in Resources */ = {isa = PBXBuildFile; fileRef = 4E2F6460A41C4C67B9572A7D /* Bitter-Thin.ttf */; };
		CA0376986FB241DA97BED71F /* Bitter-ThinItalic.ttf in Resources */ = {isa = PBXBuildFile; fileRef = 3DE31190DF904630A15FB53D /* Bitter-ThinItalic.ttf */; };
/* End PBXBuildFile section */

/* Begin PBXContainerItemProxy section */
		00E356F41AD99517003FC87E /* PBXContainerItemProxy */ = {
			isa = PBXContainerItemProxy;
			containerPortal = 83CBB9F71A601CBA00E9B192 /* Project object */;
			proxyType = 1;
			remoteGlobalIDString = 13B07F861A680F5B00A75B9A;
			remoteInfo = vocabulary;
		};
/* End PBXContainerItemProxy section */

/* Begin PBXFileReference section */
		00E356EE1AD99517003FC87E /* vocabularyTests.xctest */ = {isa = PBXFileReference; explicitFileType = wrapper.cfbundle; includeInIndex = 0; path = vocabularyTests.xctest; sourceTree = BUILT_PRODUCTS_DIR; };
		00E356F11AD99517003FC87E /* Info.plist */ = {isa = PBXFileReference; lastKnownFileType = text.plist.xml; path = Info.plist; sourceTree = "<group>"; };
		00E356F21AD99517003FC87E /* vocabularyTests.m */ = {isa = PBXFileReference; lastKnownFileType = sourcecode.c.objc; path = vocabularyTests.m; sourceTree = "<group>"; };
		13B07F961A680F5B00A75B9A /* vocabulary.app */ = {isa = PBXFileReference; explicitFileType = wrapper.application; includeInIndex = 0; path = vocabulary.app; sourceTree = BUILT_PRODUCTS_DIR; };
		13B07FAF1A68108700A75B9A /* AppDelegate.h */ = {isa = PBXFileReference; fileEncoding = 4; lastKnownFileType = sourcecode.c.h; name = AppDelegate.h; path = vocabulary/AppDelegate.h; sourceTree = "<group>"; };
		13B07FB01A68108700A75B9A /* AppDelegate.mm */ = {isa = PBXFileReference; fileEncoding = 4; lastKnownFileType = sourcecode.cpp.objcpp; name = AppDelegate.mm; path = vocabulary/AppDelegate.mm; sourceTree = "<group>"; };
		13B07FB51A68108700A75B9A /* Images.xcassets */ = {isa = PBXFileReference; lastKnownFileType = folder.assetcatalog; name = Images.xcassets; path = vocabulary/Images.xcassets; sourceTree = "<group>"; };
		13B07FB61A68108700A75B9A /* Info.plist */ = {isa = PBXFileReference; fileEncoding = 4; lastKnownFileType = text.plist.xml; name = Info.plist; path = vocabulary/Info.plist; sourceTree = "<group>"; };
		13B07FB71A68108700A75B9A /* main.m */ = {isa = PBXFileReference; fileEncoding = 4; lastKnownFileType = sourcecode.c.objc; name = main.m; path = vocabulary/main.m; sourceTree = "<group>"; };
		19F6CBCC0A4E27FBF8BF4A61 /* libPods-vocabulary-vocabularyTests.a */ = {isa = PBXFileReference; explicitFileType = archive.ar; includeInIndex = 0; path = "libPods-vocabulary-vocabularyTests.a"; sourceTree = BUILT_PRODUCTS_DIR; };
		3B4392A12AC88292D35C810B /* Pods-vocabulary.debug.xcconfig */ = {isa = PBXFileReference; includeInIndex = 1; lastKnownFileType = text.xcconfig; name = "Pods-vocabulary.debug.xcconfig"; path = "Target Support Files/Pods-vocabulary/Pods-vocabulary.debug.xcconfig"; sourceTree = "<group>"; };
		5709B34CF0A7D63546082F79 /* Pods-vocabulary.release.xcconfig */ = {isa = PBXFileReference; includeInIndex = 1; lastKnownFileType = text.xcconfig; name = "Pods-vocabulary.release.xcconfig"; path = "Target Support Files/Pods-vocabulary/Pods-vocabulary.release.xcconfig"; sourceTree = "<group>"; };
		5B7EB9410499542E8C5724F5 /* Pods-vocabulary-vocabularyTests.debug.xcconfig */ = {isa = PBXFileReference; includeInIndex = 1; lastKnownFileType = text.xcconfig; name = "Pods-vocabulary-vocabularyTests.debug.xcconfig"; path = "Target Support Files/Pods-vocabulary-vocabularyTests/Pods-vocabulary-vocabularyTests.debug.xcconfig"; sourceTree = "<group>"; };
		5DCACB8F33CDC322A6C60F78 /* libPods-vocabulary.a */ = {isa = PBXFileReference; explicitFileType = archive.ar; includeInIndex = 0; path = "libPods-vocabulary.a"; sourceTree = BUILT_PRODUCTS_DIR; };
		81AB9BB72411601600AC10FF /* LaunchScreen.storyboard */ = {isa = PBXFileReference; fileEncoding = 4; lastKnownFileType = file.storyboard; name = LaunchScreen.storyboard; path = vocabulary/LaunchScreen.storyboard; sourceTree = "<group>"; };
		8857426A28CB2780003FA109 /* quince.m4a */ = {isa = PBXFileReference; lastKnownFileType = file; name = quince.m4a; path = ../android/app/src/main/res/raw/quince.m4a; sourceTree = "<group>"; };
		8857426B28CB2780003FA109 /* apricot.m4a */ = {isa = PBXFileReference; lastKnownFileType = file; name = apricot.m4a; path = ../android/app/src/main/res/raw/apricot.m4a; sourceTree = "<group>"; };
		8857426E28CB2CC8003FA109 /* grape.m4a */ = {isa = PBXFileReference; lastKnownFileType = file; name = grape.m4a; path = ../android/app/src/main/res/raw/grape.m4a; sourceTree = "<group>"; };
		8857427028CB2DEB003FA109 /* cherry_plum.m4a */ = {isa = PBXFileReference; lastKnownFileType = file; name = cherry_plum.m4a; path = ../android/app/src/main/res/raw/cherry_plum.m4a; sourceTree = "<group>"; };
		8857427228CB2E58003FA109 /* date.m4a */ = {isa = PBXFileReference; lastKnownFileType = file; name = date.m4a; path = ../android/app/src/main/res/raw/date.m4a; sourceTree = "<group>"; };
		8857427428CB2EC3003FA109 /* pumpkin.m4a */ = {isa = PBXFileReference; lastKnownFileType = file; name = pumpkin.m4a; path = ../android/app/src/main/res/raw/pumpkin.m4a; sourceTree = "<group>"; };
		8857427628CB2F5D003FA109 /* pear.m4a */ = {isa = PBXFileReference; lastKnownFileType = file; name = pear.m4a; path = ../android/app/src/main/res/raw/pear.m4a; sourceTree = "<group>"; };
		8857427828CB3019003FA109 /* plum.m4a */ = {isa = PBXFileReference; lastKnownFileType = file; name = plum.m4a; path = ../android/app/src/main/res/raw/plum.m4a; sourceTree = "<group>"; };
		8857427A28CB3161003FA109 /* apple.m4a */ = {isa = PBXFileReference; lastKnownFileType = file; name = apple.m4a; path = ../android/app/src/main/res/raw/apple.m4a; sourceTree = "<group>"; };
		8857427C28CB3171003FA109 /* fruit.m4a */ = {isa = PBXFileReference; lastKnownFileType = file; name = fruit.m4a; path = ../android/app/src/main/res/raw/fruit.m4a; sourceTree = "<group>"; };
		88B80A3628C8C0FD00412F6C /* page-flip.wav */ = {isa = PBXFileReference; lastKnownFileType = audio.wav; name = "page-flip.wav"; path = "../sounds/page-flip.wav"; sourceTree = "<group>"; };
		89C6BE57DB24E9ADA2F236DE /* Pods-vocabulary-vocabularyTests.release.xcconfig */ = {isa = PBXFileReference; includeInIndex = 1; lastKnownFileType = text.xcconfig; name = "Pods-vocabulary-vocabularyTests.release.xcconfig"; path = "Target Support Files/Pods-vocabulary-vocabularyTests/Pods-vocabulary-vocabularyTests.release.xcconfig"; sourceTree = "<group>"; };
		ED297162215061F000B7C4FE /* JavaScriptCore.framework */ = {isa = PBXFileReference; lastKnownFileType = wrapper.framework; name = JavaScriptCore.framework; path = System/Library/Frameworks/JavaScriptCore.framework; sourceTree = SDKROOT; };
		EF601947A6684FF5833D3D20 /* Kanit-Black.ttf */ = {isa = PBXFileReference; name = "Kanit-Black.ttf"; path = "../assets/fonts/Kanit-Black.ttf"; sourceTree = "<group>"; fileEncoding = undefined; lastKnownFileType = unknown; explicitFileType = undefined; includeInIndex = 0; };
		5FBF55F788E14429A98F46A2 /* Kanit-BlackItalic.ttf */ = {isa = PBXFileReference; name = "Kanit-BlackItalic.ttf"; path = "../assets/fonts/Kanit-BlackItalic.ttf"; sourceTree = "<group>"; fileEncoding = undefined; lastKnownFileType = unknown; explicitFileType = undefined; includeInIndex = 0; };
		7BBC0C5B5F5545998FD973FC /* Kanit-Bold.ttf */ = {isa = PBXFileReference; name = "Kanit-Bold.ttf"; path = "../assets/fonts/Kanit-Bold.ttf"; sourceTree = "<group>"; fileEncoding = undefined; lastKnownFileType = unknown; explicitFileType = undefined; includeInIndex = 0; };
		EC11E7D62C294F5CA50B0DBD /* Kanit-BoldItalic.ttf */ = {isa = PBXFileReference; name = "Kanit-BoldItalic.ttf"; path = "../assets/fonts/Kanit-BoldItalic.ttf"; sourceTree = "<group>"; fileEncoding = undefined; lastKnownFileType = unknown; explicitFileType = undefined; includeInIndex = 0; };
		94212B3AA94143BEBEF977F3 /* Kanit-ExtraBold.ttf */ = {isa = PBXFileReference; name = "Kanit-ExtraBold.ttf"; path = "../assets/fonts/Kanit-ExtraBold.ttf"; sourceTree = "<group>"; fileEncoding = undefined; lastKnownFileType = unknown; explicitFileType = undefined; includeInIndex = 0; };
		0FA87C1254EA41E493BBFCD4 /* Kanit-ExtraBoldItalic.ttf */ = {isa = PBXFileReference; name = "Kanit-ExtraBoldItalic.ttf"; path = "../assets/fonts/Kanit-ExtraBoldItalic.ttf"; sourceTree = "<group>"; fileEncoding = undefined; lastKnownFileType = unknown; explicitFileType = undefined; includeInIndex = 0; };
		339B468992DD4B518E7A62DB /* Kanit-ExtraLight.ttf */ = {isa = PBXFileReference; name = "Kanit-ExtraLight.ttf"; path = "../assets/fonts/Kanit-ExtraLight.ttf"; sourceTree = "<group>"; fileEncoding = undefined; lastKnownFileType = unknown; explicitFileType = undefined; includeInIndex = 0; };
		AD95979494E6496F943AF04C /* Kanit-ExtraLightItalic.ttf */ = {isa = PBXFileReference; name = "Kanit-ExtraLightItalic.ttf"; path = "../assets/fonts/Kanit-ExtraLightItalic.ttf"; sourceTree = "<group>"; fileEncoding = undefined; lastKnownFileType = unknown; explicitFileType = undefined; includeInIndex = 0; };
		CE3FE21872314AAA89B0DA60 /* Kanit-Italic.ttf */ = {isa = PBXFileReference; name = "Kanit-Italic.ttf"; path = "../assets/fonts/Kanit-Italic.ttf"; sourceTree = "<group>"; fileEncoding = undefined; lastKnownFileType = unknown; explicitFileType = undefined; includeInIndex = 0; };
		20C07BCB3C964D80A08CDC6E /* Kanit-Light.ttf */ = {isa = PBXFileReference; name = "Kanit-Light.ttf"; path = "../assets/fonts/Kanit-Light.ttf"; sourceTree = "<group>"; fileEncoding = undefined; lastKnownFileType = unknown; explicitFileType = undefined; includeInIndex = 0; };
		CD0B11C27CAE4837993FF621 /* Kanit-LightItalic.ttf */ = {isa = PBXFileReference; name = "Kanit-LightItalic.ttf"; path = "../assets/fonts/Kanit-LightItalic.ttf"; sourceTree = "<group>"; fileEncoding = undefined; lastKnownFileType = unknown; explicitFileType = undefined; includeInIndex = 0; };
		12A9C26C6B654DA5BD19211C /* Kanit-Medium.ttf */ = {isa = PBXFileReference; name = "Kanit-Medium.ttf"; path = "../assets/fonts/Kanit-Medium.ttf"; sourceTree = "<group>"; fileEncoding = undefined; lastKnownFileType = unknown; explicitFileType = undefined; includeInIndex = 0; };
		82FFAC2CE4514E4D8A9F1E6B /* Kanit-MediumItalic.ttf */ = {isa = PBXFileReference; name = "Kanit-MediumItalic.ttf"; path = "../assets/fonts/Kanit-MediumItalic.ttf"; sourceTree = "<group>"; fileEncoding = undefined; lastKnownFileType = unknown; explicitFileType = undefined; includeInIndex = 0; };
		E396A06EA4954D808B6E60AD /* Kanit-Regular.ttf */ = {isa = PBXFileReference; name = "Kanit-Regular.ttf"; path = "../assets/fonts/Kanit-Regular.ttf"; sourceTree = "<group>"; fileEncoding = undefined; lastKnownFileType = unknown; explicitFileType = undefined; includeInIndex = 0; };
		6D9E995E764E4EF4BA1E16BA /* Kanit-SemiBold.ttf */ = {isa = PBXFileReference; name = "Kanit-SemiBold.ttf"; path = "../assets/fonts/Kanit-SemiBold.ttf"; sourceTree = "<group>"; fileEncoding = undefined; lastKnownFileType = unknown; explicitFileType = undefined; includeInIndex = 0; };
		2CD95B3E07E741CFBAB5EB9F /* Kanit-SemiBoldItalic.ttf */ = {isa = PBXFileReference; name = "Kanit-SemiBoldItalic.ttf"; path = "../assets/fonts/Kanit-SemiBoldItalic.ttf"; sourceTree = "<group>"; fileEncoding = undefined; lastKnownFileType = unknown; explicitFileType = undefined; includeInIndex = 0; };
		A08BF31B80F74352870FF0FE /* Kanit-Thin.ttf */ = {isa = PBXFileReference; name = "Kanit-Thin.ttf"; path = "../assets/fonts/Kanit-Thin.ttf"; sourceTree = "<group>"; fileEncoding = undefined; lastKnownFileType = unknown; explicitFileType = undefined; includeInIndex = 0; };
		A2DC2A704B0D48C78C24D6E7 /* Kanit-ThinItalic.ttf */ = {isa = PBXFileReference; name = "Kanit-ThinItalic.ttf"; path = "../assets/fonts/Kanit-ThinItalic.ttf"; sourceTree = "<group>"; fileEncoding = undefined; lastKnownFileType = unknown; explicitFileType = undefined; includeInIndex = 0; };
		DD6B2D44038141C2A55687F0 /* Exo2-Black.ttf */ = {isa = PBXFileReference; name = "Exo2-Black.ttf"; path = "../assets/fonts/Exo2-Black.ttf"; sourceTree = "<group>"; fileEncoding = undefined; lastKnownFileType = unknown; explicitFileType = undefined; includeInIndex = 0; };
		D30AAF20E5724EFA9C559EBD /* Exo2-BlackItalic.ttf */ = {isa = PBXFileReference; name = "Exo2-BlackItalic.ttf"; path = "../assets/fonts/Exo2-BlackItalic.ttf"; sourceTree = "<group>"; fileEncoding = undefined; lastKnownFileType = unknown; explicitFileType = undefined; includeInIndex = 0; };
		DCB1B12E4BFC4E3FA081AE03 /* Exo2-Bold.ttf */ = {isa = PBXFileReference; name = "Exo2-Bold.ttf"; path = "../assets/fonts/Exo2-Bold.ttf"; sourceTree = "<group>"; fileEncoding = undefined; lastKnownFileType = unknown; explicitFileType = undefined; includeInIndex = 0; };
		B9B35008172A49428485EF58 /* Exo2-BoldItalic.ttf */ = {isa = PBXFileReference; name = "Exo2-BoldItalic.ttf"; path = "../assets/fonts/Exo2-BoldItalic.ttf"; sourceTree = "<group>"; fileEncoding = undefined; lastKnownFileType = unknown; explicitFileType = undefined; includeInIndex = 0; };
		637C8B1B291C4D21A264E5EC /* Exo2-ExtraBold.ttf */ = {isa = PBXFileReference; name = "Exo2-ExtraBold.ttf"; path = "../assets/fonts/Exo2-ExtraBold.ttf"; sourceTree = "<group>"; fileEncoding = undefined; lastKnownFileType = unknown; explicitFileType = undefined; includeInIndex = 0; };
		CD6A00BE12A442989389E7AC /* Exo2-ExtraBoldItalic.ttf */ = {isa = PBXFileReference; name = "Exo2-ExtraBoldItalic.ttf"; path = "../assets/fonts/Exo2-ExtraBoldItalic.ttf"; sourceTree = "<group>"; fileEncoding = undefined; lastKnownFileType = unknown; explicitFileType = undefined; includeInIndex = 0; };
		955211DDBE814D8D9DFE328B /* Exo2-ExtraLight.ttf */ = {isa = PBXFileReference; name = "Exo2-ExtraLight.ttf"; path = "../assets/fonts/Exo2-ExtraLight.ttf"; sourceTree = "<group>"; fileEncoding = undefined; lastKnownFileType = unknown; explicitFileType = undefined; includeInIndex = 0; };
		447A76BBABFC44A481CE6A54 /* Exo2-ExtraLightItalic.ttf */ = {isa = PBXFileReference; name = "Exo2-ExtraLightItalic.ttf"; path = "../assets/fonts/Exo2-ExtraLightItalic.ttf"; sourceTree = "<group>"; fileEncoding = undefined; lastKnownFileType = unknown; explicitFileType = undefined; includeInIndex = 0; };
		2F3D049AEFA04375835211D6 /* Exo2-Italic.ttf */ = {isa = PBXFileReference; name = "Exo2-Italic.ttf"; path = "../assets/fonts/Exo2-Italic.ttf"; sourceTree = "<group>"; fileEncoding = undefined; lastKnownFileType = unknown; explicitFileType = undefined; includeInIndex = 0; };
		02415121F7904143ACB7C630 /* Exo2-Light.ttf */ = {isa = PBXFileReference; name = "Exo2-Light.ttf"; path = "../assets/fonts/Exo2-Light.ttf"; sourceTree = "<group>"; fileEncoding = undefined; lastKnownFileType = unknown; explicitFileType = undefined; includeInIndex = 0; };
		1A1385B471F24084911A9A66 /* Exo2-LightItalic.ttf */ = {isa = PBXFileReference; name = "Exo2-LightItalic.ttf"; path = "../assets/fonts/Exo2-LightItalic.ttf"; sourceTree = "<group>"; fileEncoding = undefined; lastKnownFileType = unknown; explicitFileType = undefined; includeInIndex = 0; };
		85631BE9A83C439AB7E1D1DD /* Exo2-Medium.ttf */ = {isa = PBXFileReference; name = "Exo2-Medium.ttf"; path = "../assets/fonts/Exo2-Medium.ttf"; sourceTree = "<group>"; fileEncoding = undefined; lastKnownFileType = unknown; explicitFileType = undefined; includeInIndex = 0; };
		B22561DDA9A542FCBF7C4B24 /* Exo2-MediumItalic.ttf */ = {isa = PBXFileReference; name = "Exo2-MediumItalic.ttf"; path = "../assets/fonts/Exo2-MediumItalic.ttf"; sourceTree = "<group>"; fileEncoding = undefined; lastKnownFileType = unknown; explicitFileType = undefined; includeInIndex = 0; };
		06DB2CDBBE1A433EBEF36B1C /* Exo2-Regular.ttf */ = {isa = PBXFileReference; name = "Exo2-Regular.ttf"; path = "../assets/fonts/Exo2-Regular.ttf"; sourceTree = "<group>"; fileEncoding = undefined; lastKnownFileType = unknown; explicitFileType = undefined; includeInIndex = 0; };
		BF3E6B30799A4A7E895E9B3F /* Exo2-SemiBold.ttf */ = {isa = PBXFileReference; name = "Exo2-SemiBold.ttf"; path = "../assets/fonts/Exo2-SemiBold.ttf"; sourceTree = "<group>"; fileEncoding = undefined; lastKnownFileType = unknown; explicitFileType = undefined; includeInIndex = 0; };
		507B81B61D6C44DBA9799FDC /* Exo2-SemiBoldItalic.ttf */ = {isa = PBXFileReference; name = "Exo2-SemiBoldItalic.ttf"; path = "../assets/fonts/Exo2-SemiBoldItalic.ttf"; sourceTree = "<group>"; fileEncoding = undefined; lastKnownFileType = unknown; explicitFileType = undefined; includeInIndex = 0; };
		3A401232CA50439AB6BC9EE6 /* Exo2-Thin.ttf */ = {isa = PBXFileReference; name = "Exo2-Thin.ttf"; path = "../assets/fonts/Exo2-Thin.ttf"; sourceTree = "<group>"; fileEncoding = undefined; lastKnownFileType = unknown; explicitFileType = undefined; includeInIndex = 0; };
		5B874F083C204BDBBB757BE6 /* Exo2-ThinItalic.ttf */ = {isa = PBXFileReference; name = "Exo2-ThinItalic.ttf"; path = "../assets/fonts/Exo2-ThinItalic.ttf"; sourceTree = "<group>"; fileEncoding = undefined; lastKnownFileType = unknown; explicitFileType = undefined; includeInIndex = 0; };
		41F58C738B334A8A93847453 /* Philosopher-Bold.ttf */ = {isa = PBXFileReference; name = "Philosopher-Bold.ttf"; path = "../assets/fonts/Philosopher-Bold.ttf"; sourceTree = "<group>"; fileEncoding = undefined; lastKnownFileType = unknown; explicitFileType = undefined; includeInIndex = 0; };
		1F1138C719F6403883BF3A06 /* Philosopher-BoldItalic.ttf */ = {isa = PBXFileReference; name = "Philosopher-BoldItalic.ttf"; path = "../assets/fonts/Philosopher-BoldItalic.ttf"; sourceTree = "<group>"; fileEncoding = undefined; lastKnownFileType = unknown; explicitFileType = undefined; includeInIndex = 0; };
		DFF30A6F19F24D0D8445921D /* Philosopher-Italic.ttf */ = {isa = PBXFileReference; name = "Philosopher-Italic.ttf"; path = "../assets/fonts/Philosopher-Italic.ttf"; sourceTree = "<group>"; fileEncoding = undefined; lastKnownFileType = unknown; explicitFileType = undefined; includeInIndex = 0; };
		21DB716DD144454DBB01B1DA /* Philosopher-Regular.ttf */ = {isa = PBXFileReference; name = "Philosopher-Regular.ttf"; path = "../assets/fonts/Philosopher-Regular.ttf"; sourceTree = "<group>"; fileEncoding = undefined; lastKnownFileType = unknown; explicitFileType = undefined; includeInIndex = 0; };
		6CC811413AD341948887176B /* Lack-Italic.otf */ = {isa = PBXFileReference; name = "Lack-Italic.otf"; path = "../assets/fonts/Lack-Italic.otf"; sourceTree = "<group>"; fileEncoding = undefined; lastKnownFileType = unknown; explicitFileType = undefined; includeInIndex = 0; };
		AA5C49DC6CA04798A0675CF2 /* Lack-Line-Italic.otf */ = {isa = PBXFileReference; name = "Lack-Line-Italic.otf"; path = "../assets/fonts/Lack-Line-Italic.otf"; sourceTree = "<group>"; fileEncoding = undefined; lastKnownFileType = unknown; explicitFileType = undefined; includeInIndex = 0; };
		03ED0626F3CE4E208B28F6C5 /* Lack-Line-Regular.otf */ = {isa = PBXFileReference; name = "Lack-Line-Regular.otf"; path = "../assets/fonts/Lack-Line-Regular.otf"; sourceTree = "<group>"; fileEncoding = undefined; lastKnownFileType = unknown; explicitFileType = undefined; includeInIndex = 0; };
		4900AA83568D4EC08E9FAAB3 /* Lack-Regular.otf */ = {isa = PBXFileReference; name = "Lack-Regular.otf"; path = "../assets/fonts/Lack-Regular.otf"; sourceTree = "<group>"; fileEncoding = undefined; lastKnownFileType = unknown; explicitFileType = undefined; includeInIndex = 0; };
		9C11AED27DB140C6A6CED0C8 /* EBGaramond-Regular.ttf */ = {isa = PBXFileReference; name = "EBGaramond-Regular.ttf"; path = "../assets/fonts/EBGaramond-Regular.ttf"; sourceTree = "<group>"; fileEncoding = undefined; lastKnownFileType = unknown; explicitFileType = undefined; includeInIndex = 0; };
		7601C0051EB743B5A0FE04CD /* Bitter-Black.ttf */ = {isa = PBXFileReference; name = "Bitter-Black.ttf"; path = "../assets/fonts/Bitter-Black.ttf"; sourceTree = "<group>"; fileEncoding = undefined; lastKnownFileType = unknown; explicitFileType = undefined; includeInIndex = 0; };
		CD509BD08F6747E1B9768B2B /* Bitter-BlackItalic.ttf */ = {isa = PBXFileReference; name = "Bitter-BlackItalic.ttf"; path = "../assets/fonts/Bitter-BlackItalic.ttf"; sourceTree = "<group>"; fileEncoding = undefined; lastKnownFileType = unknown; explicitFileType = undefined; includeInIndex = 0; };
		232D3963E18C412F870DBC22 /* Bitter-Bold.ttf */ = {isa = PBXFileReference; name = "Bitter-Bold.ttf"; path = "../assets/fonts/Bitter-Bold.ttf"; sourceTree = "<group>"; fileEncoding = undefined; lastKnownFileType = unknown; explicitFileType = undefined; includeInIndex = 0; };
		3BE6D9E1720146778EC1EA92 /* Bitter-BoldItalic.ttf */ = {isa = PBXFileReference; name = "Bitter-BoldItalic.ttf"; path = "../assets/fonts/Bitter-BoldItalic.ttf"; sourceTree = "<group>"; fileEncoding = undefined; lastKnownFileType = unknown; explicitFileType = undefined; includeInIndex = 0; };
		C49154C360B9488E8B113033 /* Bitter-ExtraBold.ttf */ = {isa = PBXFileReference; name = "Bitter-ExtraBold.ttf"; path = "../assets/fonts/Bitter-ExtraBold.ttf"; sourceTree = "<group>"; fileEncoding = undefined; lastKnownFileType = unknown; explicitFileType = undefined; includeInIndex = 0; };
		2EEE601A51A24E3C8FA28312 /* Bitter-ExtraBoldItalic.ttf */ = {isa = PBXFileReference; name = "Bitter-ExtraBoldItalic.ttf"; path = "../assets/fonts/Bitter-ExtraBoldItalic.ttf"; sourceTree = "<group>"; fileEncoding = undefined; lastKnownFileType = unknown; explicitFileType = undefined; includeInIndex = 0; };
		5989AA335CC34E08A9DD3A53 /* Bitter-ExtraLight.ttf */ = {isa = PBXFileReference; name = "Bitter-ExtraLight.ttf"; path = "../assets/fonts/Bitter-ExtraLight.ttf"; sourceTree = "<group>"; fileEncoding = undefined; lastKnownFileType = unknown; explicitFileType = undefined; includeInIndex = 0; };
		554122E607AB449CB4072C5C /* Bitter-ExtraLightItalic.ttf */ = {isa = PBXFileReference; name = "Bitter-ExtraLightItalic.ttf"; path = "../assets/fonts/Bitter-ExtraLightItalic.ttf"; sourceTree = "<group>"; fileEncoding = undefined; lastKnownFileType = unknown; explicitFileType = undefined; includeInIndex = 0; };
		E5026CAAA46443BFA2F08430 /* Bitter-Italic.ttf */ = {isa = PBXFileReference; name = "Bitter-Italic.ttf"; path = "../assets/fonts/Bitter-Italic.ttf"; sourceTree = "<group>"; fileEncoding = undefined; lastKnownFileType = unknown; explicitFileType = undefined; includeInIndex = 0; };
		A19C5DFED77041E391FAA469 /* Bitter-Light.ttf */ = {isa = PBXFileReference; name = "Bitter-Light.ttf"; path = "../assets/fonts/Bitter-Light.ttf"; sourceTree = "<group>"; fileEncoding = undefined; lastKnownFileType = unknown; explicitFileType = undefined; includeInIndex = 0; };
		A8283DD92D674B38A6A0A244 /* Bitter-LightItalic.ttf */ = {isa = PBXFileReference; name = "Bitter-LightItalic.ttf"; path = "../assets/fonts/Bitter-LightItalic.ttf"; sourceTree = "<group>"; fileEncoding = undefined; lastKnownFileType = unknown; explicitFileType = undefined; includeInIndex = 0; };
		A9FD866FF34F40DF8BBE061B /* Bitter-Medium.ttf */ = {isa = PBXFileReference; name = "Bitter-Medium.ttf"; path = "../assets/fonts/Bitter-Medium.ttf"; sourceTree = "<group>"; fileEncoding = undefined; lastKnownFileType = unknown; explicitFileType = undefined; includeInIndex = 0; };
		8D69525CD61540788B6CD6B9 /* Bitter-MediumItalic.ttf */ = {isa = PBXFileReference; name = "Bitter-MediumItalic.ttf"; path = "../assets/fonts/Bitter-MediumItalic.ttf"; sourceTree = "<group>"; fileEncoding = undefined; lastKnownFileType = unknown; explicitFileType = undefined; includeInIndex = 0; };
		E54D12AF87BF42748A6FE934 /* Bitter-Regular.ttf */ = {isa = PBXFileReference; name = "Bitter-Regular.ttf"; path = "../assets/fonts/Bitter-Regular.ttf"; sourceTree = "<group>"; fileEncoding = undefined; lastKnownFileType = unknown; explicitFileType = undefined; includeInIndex = 0; };
		68C64930841E4CE9B2581618 /* Bitter-SemiBold.ttf */ = {isa = PBXFileReference; name = "Bitter-SemiBold.ttf"; path = "../assets/fonts/Bitter-SemiBold.ttf"; sourceTree = "<group>"; fileEncoding = undefined; lastKnownFileType = unknown; explicitFileType = undefined; includeInIndex = 0; };
		5E9B32A577A0441B95075BDA /* Bitter-SemiBoldItalic.ttf */ = {isa = PBXFileReference; name = "Bitter-SemiBoldItalic.ttf"; path = "../assets/fonts/Bitter-SemiBoldItalic.ttf"; sourceTree = "<group>"; fileEncoding = undefined; lastKnownFileType = unknown; explicitFileType = undefined; includeInIndex = 0; };
		4E2F6460A41C4C67B9572A7D /* Bitter-Thin.ttf */ = {isa = PBXFileReference; name = "Bitter-Thin.ttf"; path = "../assets/fonts/Bitter-Thin.ttf"; sourceTree = "<group>"; fileEncoding = undefined; lastKnownFileType = unknown; explicitFileType = undefined; includeInIndex = 0; };
		3DE31190DF904630A15FB53D /* Bitter-ThinItalic.ttf */ = {isa = PBXFileReference; name = "Bitter-ThinItalic.ttf"; path = "../assets/fonts/Bitter-ThinItalic.ttf"; sourceTree = "<group>"; fileEncoding = undefined; lastKnownFileType = unknown; explicitFileType = undefined; includeInIndex = 0; };
/* End PBXFileReference section */

/* Begin PBXFrameworksBuildPhase section */
		00E356EB1AD99517003FC87E /* Frameworks */ = {
			isa = PBXFrameworksBuildPhase;
			buildActionMask = 2147483647;
			files = (
				7699B88040F8A987B510C191 /* libPods-vocabulary-vocabularyTests.a in Frameworks */,
			);
			runOnlyForDeploymentPostprocessing = 0;
		};
		13B07F8C1A680F5B00A75B9A /* Frameworks */ = {
			isa = PBXFrameworksBuildPhase;
			buildActionMask = 2147483647;
			files = (
				0C80B921A6F3F58F76C31292 /* libPods-vocabulary.a in Frameworks */,
			);
			runOnlyForDeploymentPostprocessing = 0;
		};
/* End PBXFrameworksBuildPhase section */

/* Begin PBXGroup section */
		00E356EF1AD99517003FC87E /* vocabularyTests */ = {
			isa = PBXGroup;
			children = (
				00E356F21AD99517003FC87E /* vocabularyTests.m */,
				00E356F01AD99517003FC87E /* Supporting Files */,
			);
			path = vocabularyTests;
			sourceTree = "<group>";
		};
		00E356F01AD99517003FC87E /* Supporting Files */ = {
			isa = PBXGroup;
			children = (
				00E356F11AD99517003FC87E /* Info.plist */,
			);
			name = "Supporting Files";
			sourceTree = "<group>";
		};
		13B07FAE1A68108700A75B9A /* vocabulary */ = {
			isa = PBXGroup;
			children = (
				13B07FAF1A68108700A75B9A /* AppDelegate.h */,
				13B07FB01A68108700A75B9A /* AppDelegate.mm */,
				13B07FB51A68108700A75B9A /* Images.xcassets */,
				13B07FB61A68108700A75B9A /* Info.plist */,
				81AB9BB72411601600AC10FF /* LaunchScreen.storyboard */,
				13B07FB71A68108700A75B9A /* main.m */,
			);
			name = vocabulary;
			sourceTree = "<group>";
		};
		2D16E6871FA4F8E400B85C8A /* Frameworks */ = {
			isa = PBXGroup;
			children = (
				ED297162215061F000B7C4FE /* JavaScriptCore.framework */,
				5DCACB8F33CDC322A6C60F78 /* libPods-vocabulary.a */,
				19F6CBCC0A4E27FBF8BF4A61 /* libPods-vocabulary-vocabularyTests.a */,
			);
			name = Frameworks;
			sourceTree = "<group>";
		};
		832341AE1AAA6A7D00B99B32 /* Libraries */ = {
			isa = PBXGroup;
			children = (
			);
			name = Libraries;
			sourceTree = "<group>";
		};
		83CBB9F61A601CBA00E9B192 = {
			isa = PBXGroup;
			children = (
				8857427C28CB3171003FA109 /* fruit.m4a */,
				8857427A28CB3161003FA109 /* apple.m4a */,
				8857427828CB3019003FA109 /* plum.m4a */,
				8857427628CB2F5D003FA109 /* pear.m4a */,
				8857427428CB2EC3003FA109 /* pumpkin.m4a */,
				8857427228CB2E58003FA109 /* date.m4a */,
				8857427028CB2DEB003FA109 /* cherry_plum.m4a */,
				8857426E28CB2CC8003FA109 /* grape.m4a */,
				8857426B28CB2780003FA109 /* apricot.m4a */,
				8857426A28CB2780003FA109 /* quince.m4a */,
				88B80A3628C8C0FD00412F6C /* page-flip.wav */,
				13B07FAE1A68108700A75B9A /* vocabulary */,
				832341AE1AAA6A7D00B99B32 /* Libraries */,
				00E356EF1AD99517003FC87E /* vocabularyTests */,
				83CBBA001A601CBA00E9B192 /* Products */,
				2D16E6871FA4F8E400B85C8A /* Frameworks */,
				BBD78D7AC51CEA395F1C20DB /* Pods */,
				8E8556A84B5440EC9507BE32 /* Resources */,
			);
			indentWidth = 2;
			sourceTree = "<group>";
			tabWidth = 2;
			usesTabs = 0;
		};
		83CBBA001A601CBA00E9B192 /* Products */ = {
			isa = PBXGroup;
			children = (
				13B07F961A680F5B00A75B9A /* vocabulary.app */,
				00E356EE1AD99517003FC87E /* vocabularyTests.xctest */,
			);
			name = Products;
			sourceTree = "<group>";
		};
		BBD78D7AC51CEA395F1C20DB /* Pods */ = {
			isa = PBXGroup;
			children = (
				3B4392A12AC88292D35C810B /* Pods-vocabulary.debug.xcconfig */,
				5709B34CF0A7D63546082F79 /* Pods-vocabulary.release.xcconfig */,
				5B7EB9410499542E8C5724F5 /* Pods-vocabulary-vocabularyTests.debug.xcconfig */,
				89C6BE57DB24E9ADA2F236DE /* Pods-vocabulary-vocabularyTests.release.xcconfig */,
			);
			path = Pods;
			sourceTree = "<group>";
		};
		8E8556A84B5440EC9507BE32 /* Resources */ = {
			isa = "PBXGroup";
			children = (
				EF601947A6684FF5833D3D20 /* Kanit-Black.ttf */,
				5FBF55F788E14429A98F46A2 /* Kanit-BlackItalic.ttf */,
				7BBC0C5B5F5545998FD973FC /* Kanit-Bold.ttf */,
				EC11E7D62C294F5CA50B0DBD /* Kanit-BoldItalic.ttf */,
				94212B3AA94143BEBEF977F3 /* Kanit-ExtraBold.ttf */,
				0FA87C1254EA41E493BBFCD4 /* Kanit-ExtraBoldItalic.ttf */,
				339B468992DD4B518E7A62DB /* Kanit-ExtraLight.ttf */,
				AD95979494E6496F943AF04C /* Kanit-ExtraLightItalic.ttf */,
				CE3FE21872314AAA89B0DA60 /* Kanit-Italic.ttf */,
				20C07BCB3C964D80A08CDC6E /* Kanit-Light.ttf */,
				CD0B11C27CAE4837993FF621 /* Kanit-LightItalic.ttf */,
				12A9C26C6B654DA5BD19211C /* Kanit-Medium.ttf */,
				82FFAC2CE4514E4D8A9F1E6B /* Kanit-MediumItalic.ttf */,
				E396A06EA4954D808B6E60AD /* Kanit-Regular.ttf */,
				6D9E995E764E4EF4BA1E16BA /* Kanit-SemiBold.ttf */,
				2CD95B3E07E741CFBAB5EB9F /* Kanit-SemiBoldItalic.ttf */,
				A08BF31B80F74352870FF0FE /* Kanit-Thin.ttf */,
				A2DC2A704B0D48C78C24D6E7 /* Kanit-ThinItalic.ttf */,
				DD6B2D44038141C2A55687F0 /* Exo2-Black.ttf */,
				D30AAF20E5724EFA9C559EBD /* Exo2-BlackItalic.ttf */,
				DCB1B12E4BFC4E3FA081AE03 /* Exo2-Bold.ttf */,
				B9B35008172A49428485EF58 /* Exo2-BoldItalic.ttf */,
				637C8B1B291C4D21A264E5EC /* Exo2-ExtraBold.ttf */,
				CD6A00BE12A442989389E7AC /* Exo2-ExtraBoldItalic.ttf */,
				955211DDBE814D8D9DFE328B /* Exo2-ExtraLight.ttf */,
				447A76BBABFC44A481CE6A54 /* Exo2-ExtraLightItalic.ttf */,
				2F3D049AEFA04375835211D6 /* Exo2-Italic.ttf */,
				02415121F7904143ACB7C630 /* Exo2-Light.ttf */,
				1A1385B471F24084911A9A66 /* Exo2-LightItalic.ttf */,
				85631BE9A83C439AB7E1D1DD /* Exo2-Medium.ttf */,
				B22561DDA9A542FCBF7C4B24 /* Exo2-MediumItalic.ttf */,
				06DB2CDBBE1A433EBEF36B1C /* Exo2-Regular.ttf */,
				BF3E6B30799A4A7E895E9B3F /* Exo2-SemiBold.ttf */,
				507B81B61D6C44DBA9799FDC /* Exo2-SemiBoldItalic.ttf */,
				3A401232CA50439AB6BC9EE6 /* Exo2-Thin.ttf */,
				5B874F083C204BDBBB757BE6 /* Exo2-ThinItalic.ttf */,
				41F58C738B334A8A93847453 /* Philosopher-Bold.ttf */,
				1F1138C719F6403883BF3A06 /* Philosopher-BoldItalic.ttf */,
				DFF30A6F19F24D0D8445921D /* Philosopher-Italic.ttf */,
				21DB716DD144454DBB01B1DA /* Philosopher-Regular.ttf */,
				6CC811413AD341948887176B /* Lack-Italic.otf */,
				AA5C49DC6CA04798A0675CF2 /* Lack-Line-Italic.otf */,
				03ED0626F3CE4E208B28F6C5 /* Lack-Line-Regular.otf */,
				4900AA83568D4EC08E9FAAB3 /* Lack-Regular.otf */,
				9C11AED27DB140C6A6CED0C8 /* EBGaramond-Regular.ttf */,
				7601C0051EB743B5A0FE04CD /* Bitter-Black.ttf */,
				CD509BD08F6747E1B9768B2B /* Bitter-BlackItalic.ttf */,
				232D3963E18C412F870DBC22 /* Bitter-Bold.ttf */,
				3BE6D9E1720146778EC1EA92 /* Bitter-BoldItalic.ttf */,
				C49154C360B9488E8B113033 /* Bitter-ExtraBold.ttf */,
				2EEE601A51A24E3C8FA28312 /* Bitter-ExtraBoldItalic.ttf */,
				5989AA335CC34E08A9DD3A53 /* Bitter-ExtraLight.ttf */,
				554122E607AB449CB4072C5C /* Bitter-ExtraLightItalic.ttf */,
				E5026CAAA46443BFA2F08430 /* Bitter-Italic.ttf */,
				A19C5DFED77041E391FAA469 /* Bitter-Light.ttf */,
				A8283DD92D674B38A6A0A244 /* Bitter-LightItalic.ttf */,
				A9FD866FF34F40DF8BBE061B /* Bitter-Medium.ttf */,
				8D69525CD61540788B6CD6B9 /* Bitter-MediumItalic.ttf */,
				E54D12AF87BF42748A6FE934 /* Bitter-Regular.ttf */,
				68C64930841E4CE9B2581618 /* Bitter-SemiBold.ttf */,
				5E9B32A577A0441B95075BDA /* Bitter-SemiBoldItalic.ttf */,
				4E2F6460A41C4C67B9572A7D /* Bitter-Thin.ttf */,
				3DE31190DF904630A15FB53D /* Bitter-ThinItalic.ttf */,
			);
			name = Resources;
			sourceTree = "<group>";
			path = "";
		};
/* End PBXGroup section */

/* Begin PBXNativeTarget section */
		00E356ED1AD99517003FC87E /* vocabularyTests */ = {
			isa = PBXNativeTarget;
			buildConfigurationList = 00E357021AD99517003FC87E /* Build configuration list for PBXNativeTarget "vocabularyTests" */;
			buildPhases = (
				A55EABD7B0C7F3A422A6CC61 /* [CP] Check Pods Manifest.lock */,
				00E356EA1AD99517003FC87E /* Sources */,
				00E356EB1AD99517003FC87E /* Frameworks */,
				00E356EC1AD99517003FC87E /* Resources */,
				C59DA0FBD6956966B86A3779 /* [CP] Embed Pods Frameworks */,
				F6A41C54EA430FDDC6A6ED99 /* [CP] Copy Pods Resources */,
			);
			buildRules = (
			);
			dependencies = (
				00E356F51AD99517003FC87E /* PBXTargetDependency */,
			);
			name = vocabularyTests;
			productName = vocabularyTests;
			productReference = 00E356EE1AD99517003FC87E /* vocabularyTests.xctest */;
			productType = "com.apple.product-type.bundle.unit-test";
		};
		13B07F861A680F5B00A75B9A /* vocabulary */ = {
			isa = PBXNativeTarget;
			buildConfigurationList = 13B07F931A680F5B00A75B9A /* Build configuration list for PBXNativeTarget "vocabulary" */;
			buildPhases = (
				C38B50BA6285516D6DCD4F65 /* [CP] Check Pods Manifest.lock */,
				FD10A7F022414F080027D42C /* Start Packager */,
				13B07F871A680F5B00A75B9A /* Sources */,
				13B07F8C1A680F5B00A75B9A /* Frameworks */,
				13B07F8E1A680F5B00A75B9A /* Resources */,
				00DD1BFF1BD5951E006B06BC /* Bundle React Native code and images */,
				00EEFC60759A1932668264C0 /* [CP] Embed Pods Frameworks */,
				E235C05ADACE081382539298 /* [CP] Copy Pods Resources */,
			);
			buildRules = (
			);
			dependencies = (
			);
			name = vocabulary;
			productName = vocabulary;
			productReference = 13B07F961A680F5B00A75B9A /* vocabulary.app */;
			productType = "com.apple.product-type.application";
		};
/* End PBXNativeTarget section */

/* Begin PBXProject section */
		83CBB9F71A601CBA00E9B192 /* Project object */ = {
			isa = PBXProject;
			attributes = {
				LastUpgradeCheck = 1210;
				TargetAttributes = {
					00E356ED1AD99517003FC87E = {
						CreatedOnToolsVersion = 6.2;
						TestTargetID = 13B07F861A680F5B00A75B9A;
					};
					13B07F861A680F5B00A75B9A = {
						LastSwiftMigration = 1120;
					};
				};
			};
			buildConfigurationList = 83CBB9FA1A601CBA00E9B192 /* Build configuration list for PBXProject "vocabulary" */;
			compatibilityVersion = "Xcode 12.0";
			developmentRegion = en;
			hasScannedForEncodings = 0;
			knownRegions = (
				en,
				Base,
			);
			mainGroup = 83CBB9F61A601CBA00E9B192;
			productRefGroup = 83CBBA001A601CBA00E9B192 /* Products */;
			projectDirPath = "";
			projectRoot = "";
			targets = (
				13B07F861A680F5B00A75B9A /* vocabulary */,
				00E356ED1AD99517003FC87E /* vocabularyTests */,
			);
		};
/* End PBXProject section */

/* Begin PBXResourcesBuildPhase section */
		00E356EC1AD99517003FC87E /* Resources */ = {
			isa = PBXResourcesBuildPhase;
			buildActionMask = 2147483647;
			files = (
			);
			runOnlyForDeploymentPostprocessing = 0;
		};
		13B07F8E1A680F5B00A75B9A /* Resources */ = {
			isa = PBXResourcesBuildPhase;
			buildActionMask = 2147483647;
			files = (
				8857427E28CB374D003FA109 /* grape.m4a in Resources */,
				88B80A3828C8C0FE00412F6C /* page-flip.wav in Resources */,
				8857426D28CB2780003FA109 /* apricot.m4a in Resources */,
				81AB9BB82411601600AC10FF /* LaunchScreen.storyboard in Resources */,
				8857427B28CB3161003FA109 /* apple.m4a in Resources */,
				13B07FBF1A68108700A75B9A /* Images.xcassets in Resources */,
				8857427528CB2EC3003FA109 /* pumpkin.m4a in Resources */,
				8857426C28CB2780003FA109 /* quince.m4a in Resources */,
				8857427328CB2E58003FA109 /* date.m4a in Resources */,
				8857427728CB2F5D003FA109 /* pear.m4a in Resources */,
				8857427128CB2DEB003FA109 /* cherry_plum.m4a in Resources */,
				8857427928CB3019003FA109 /* plum.m4a in Resources */,
				8857427D28CB3171003FA109 /* fruit.m4a in Resources */,
				69CE6BADE9494474B75A25D7 /* Kanit-Black.ttf in Resources */,
				551A5838C5A64820988E7024 /* Kanit-BlackItalic.ttf in Resources */,
				A0E262BD61594142AB09BD43 /* Kanit-Bold.ttf in Resources */,
				E68DE92A46E44708B5DEC95E /* Kanit-BoldItalic.ttf in Resources */,
				2C8A5AB138104BB4B7007D4C /* Kanit-ExtraBold.ttf in Resources */,
				7C28E3588E0A4FFFB9D6469D /* Kanit-ExtraBoldItalic.ttf in Resources */,
				EF08D95BB09F46F19172FC8E /* Kanit-ExtraLight.ttf in Resources */,
				05B5DD9F31CE44328BBB5823 /* Kanit-ExtraLightItalic.ttf in Resources */,
				799AA42206464AA490C9903D /* Kanit-Italic.ttf in Resources */,
				9D63D18127C44A0D97A50434 /* Kanit-Light.ttf in Resources */,
				7B30BE94E7C04BD9BB4F9263 /* Kanit-LightItalic.ttf in Resources */,
				35E8175640544DF9B5B2C626 /* Kanit-Medium.ttf in Resources */,
				44A98A7D45F2426E8B1C1902 /* Kanit-MediumItalic.ttf in Resources */,
				ED09F2F676B84280A3ED92F4 /* Kanit-Regular.ttf in Resources */,
				45C99C4266A54166B21FE2AF /* Kanit-SemiBold.ttf in Resources */,
				07AA53A4D860402EAB1788B5 /* Kanit-SemiBoldItalic.ttf in Resources */,
				240C47C55AEB484FB158FF5B /* Kanit-Thin.ttf in Resources */,
				7D8013C43AA6469E8AF1EFB5 /* Kanit-ThinItalic.ttf in Resources */,
				9FA513ACBE1E4D31B70F8FCD /* Exo2-Black.ttf in Resources */,
				B743CF835DC64AFA9D88C9A8 /* Exo2-BlackItalic.ttf in Resources */,
				5F58727854674E9B9774289D /* Exo2-Bold.ttf in Resources */,
				036A997BA45A4D10B244AE22 /* Exo2-BoldItalic.ttf in Resources */,
				1D6049A2870E4633A8E72402 /* Exo2-ExtraBold.ttf in Resources */,
				A61F970F59FC48AD8FD23ED4 /* Exo2-ExtraBoldItalic.ttf in Resources */,
				010DA7B119304D1C9BDF1C0A /* Exo2-ExtraLight.ttf in Resources */,
				93AEE3FCBEC44ED489A968E9 /* Exo2-ExtraLightItalic.ttf in Resources */,
				800CD71568BF4E5BA686DA37 /* Exo2-Italic.ttf in Resources */,
				F2C9456861E74BD7BAC7F4BA /* Exo2-Light.ttf in Resources */,
				441DB048DD634AA9B841BC8A /* Exo2-LightItalic.ttf in Resources */,
				9F1B59B126AB424E94439387 /* Exo2-Medium.ttf in Resources */,
				81B30F296F684A4AB4000CD3 /* Exo2-MediumItalic.ttf in Resources */,
				F24ABE3302BA44F3B159892D /* Exo2-Regular.ttf in Resources */,
				E0EE3585013B48F48B268597 /* Exo2-SemiBold.ttf in Resources */,
				B39A66D068294E4497449E13 /* Exo2-SemiBoldItalic.ttf in Resources */,
				FB5DCF4BC3AA4A7B9308A316 /* Exo2-Thin.ttf in Resources */,
				7F8620FA986E4FD0979C8DA0 /* Exo2-ThinItalic.ttf in Resources */,
				94AD82855BB14F5AA920A109 /* Philosopher-Bold.ttf in Resources */,
				B435745DC4084B7CB8C98087 /* Philosopher-BoldItalic.ttf in Resources */,
				39108A406BDC43E08D7C9445 /* Philosopher-Italic.ttf in Resources */,
				29675461B59D4E3BBA6EAF30 /* Philosopher-Regular.ttf in Resources */,
				84BD4D3129734C7993CBB43D /* Lack-Italic.otf in Resources */,
				FF5C94C204D4480A86564BF6 /* Lack-Line-Italic.otf in Resources */,
				65A3848D90D94E1696F26FD3 /* Lack-Line-Regular.otf in Resources */,
				BFC694E4739447BF851E90D3 /* Lack-Regular.otf in Resources */,
				B9C194BF44AB4A279962F8BC /* EBGaramond-Regular.ttf in Resources */,
				290374169BA54AE6A1B71DA1 /* Bitter-Black.ttf in Resources */,
				0A9CC0ABCD1540038B7C8F0B /* Bitter-BlackItalic.ttf in Resources */,
				3DB5D608508F406DB2DD6496 /* Bitter-Bold.ttf in Resources */,
				0E074E4FCCF2476FAD82103E /* Bitter-BoldItalic.ttf in Resources */,
				6C3BC7BE70A64FDC8286B6E6 /* Bitter-ExtraBold.ttf in Resources */,
				19E43CC8128F40D481895C21 /* Bitter-ExtraBoldItalic.ttf in Resources */,
				027071DAE80A4E898F0608F8 /* Bitter-ExtraLight.ttf in Resources */,
				7438F894E4F54C60B263A786 /* Bitter-ExtraLightItalic.ttf in Resources */,
				DF6DDAE13E4847718F26F9BC /* Bitter-Italic.ttf in Resources */,
				7D322C50E7374E2480AE304E /* Bitter-Light.ttf in Resources */,
				20E8B83724394543BA9A001A /* Bitter-LightItalic.ttf in Resources */,
				1E3E978237A54B74B569C5F2 /* Bitter-Medium.ttf in Resources */,
				77C7C3FF02AC42E98FF58117 /* Bitter-MediumItalic.ttf in Resources */,
				B96B697B6D834012A3DAA6AB /* Bitter-Regular.ttf in Resources */,
				BB5418A93A68406E9CCC50B1 /* Bitter-SemiBold.ttf in Resources */,
				432324785DDE4712AAD53F40 /* Bitter-SemiBoldItalic.ttf in Resources */,
				FC00B2AAB44B4984B23C8512 /* Bitter-Thin.ttf in Resources */,
				CA0376986FB241DA97BED71F /* Bitter-ThinItalic.ttf in Resources */,
			);
			runOnlyForDeploymentPostprocessing = 0;
		};
/* End PBXResourcesBuildPhase section */

/* Begin PBXShellScriptBuildPhase section */
		00DD1BFF1BD5951E006B06BC /* Bundle React Native code and images */ = {
			isa = PBXShellScriptBuildPhase;
			buildActionMask = 2147483647;
			files = (
			);
			inputPaths = (
				"$(SRCROOT)/.xcode.env.local",
				"$(SRCROOT)/.xcode.env",
			);
			name = "Bundle React Native code and images";
			outputPaths = (
			);
			runOnlyForDeploymentPostprocessing = 0;
			shellPath = /bin/sh;
			shellScript = "set -e\n\nWITH_ENVIRONMENT=\"../node_modules/react-native/scripts/xcode/with-environment.sh\"\nREACT_NATIVE_XCODE=\"../node_modules/react-native/scripts/react-native-xcode.sh\"\n\n/bin/sh -c \"$WITH_ENVIRONMENT $REACT_NATIVE_XCODE\"\n";
		};
		00EEFC60759A1932668264C0 /* [CP] Embed Pods Frameworks */ = {
			isa = PBXShellScriptBuildPhase;
			buildActionMask = 2147483647;
			files = (
			);
			inputFileListPaths = (
				"${PODS_ROOT}/Target Support Files/Pods-vocabulary/Pods-vocabulary-frameworks-${CONFIGURATION}-input-files.xcfilelist",
			);
			name = "[CP] Embed Pods Frameworks";
			outputFileListPaths = (
				"${PODS_ROOT}/Target Support Files/Pods-vocabulary/Pods-vocabulary-frameworks-${CONFIGURATION}-output-files.xcfilelist",
			);
			runOnlyForDeploymentPostprocessing = 0;
			shellPath = /bin/sh;
			shellScript = "\"${PODS_ROOT}/Target Support Files/Pods-vocabulary/Pods-vocabulary-frameworks.sh\"\n";
			showEnvVarsInLog = 0;
		};
		A55EABD7B0C7F3A422A6CC61 /* [CP] Check Pods Manifest.lock */ = {
			isa = PBXShellScriptBuildPhase;
			buildActionMask = 2147483647;
			files = (
			);
			inputFileListPaths = (
			);
			inputPaths = (
				"${PODS_PODFILE_DIR_PATH}/Podfile.lock",
				"${PODS_ROOT}/Manifest.lock",
			);
			name = "[CP] Check Pods Manifest.lock";
			outputFileListPaths = (
			);
			outputPaths = (
				"$(DERIVED_FILE_DIR)/Pods-vocabulary-vocabularyTests-checkManifestLockResult.txt",
			);
			runOnlyForDeploymentPostprocessing = 0;
			shellPath = /bin/sh;
			shellScript = "diff \"${PODS_PODFILE_DIR_PATH}/Podfile.lock\" \"${PODS_ROOT}/Manifest.lock\" > /dev/null\nif [ $? != 0 ] ; then\n    # print error to STDERR\n    echo \"error: The sandbox is not in sync with the Podfile.lock. Run 'pod install' or update your CocoaPods installation.\" >&2\n    exit 1\nfi\n# This output is used by Xcode 'outputs' to avoid re-running this script phase.\necho \"SUCCESS\" > \"${SCRIPT_OUTPUT_FILE_0}\"\n";
			showEnvVarsInLog = 0;
		};
		C38B50BA6285516D6DCD4F65 /* [CP] Check Pods Manifest.lock */ = {
			isa = PBXShellScriptBuildPhase;
			buildActionMask = 2147483647;
			files = (
			);
			inputFileListPaths = (
			);
			inputPaths = (
				"${PODS_PODFILE_DIR_PATH}/Podfile.lock",
				"${PODS_ROOT}/Manifest.lock",
			);
			name = "[CP] Check Pods Manifest.lock";
			outputFileListPaths = (
			);
			outputPaths = (
				"$(DERIVED_FILE_DIR)/Pods-vocabulary-checkManifestLockResult.txt",
			);
			runOnlyForDeploymentPostprocessing = 0;
			shellPath = /bin/sh;
			shellScript = "diff \"${PODS_PODFILE_DIR_PATH}/Podfile.lock\" \"${PODS_ROOT}/Manifest.lock\" > /dev/null\nif [ $? != 0 ] ; then\n    # print error to STDERR\n    echo \"error: The sandbox is not in sync with the Podfile.lock. Run 'pod install' or update your CocoaPods installation.\" >&2\n    exit 1\nfi\n# This output is used by Xcode 'outputs' to avoid re-running this script phase.\necho \"SUCCESS\" > \"${SCRIPT_OUTPUT_FILE_0}\"\n";
			showEnvVarsInLog = 0;
		};
		C59DA0FBD6956966B86A3779 /* [CP] Embed Pods Frameworks */ = {
			isa = PBXShellScriptBuildPhase;
			buildActionMask = 2147483647;
			files = (
			);
			inputFileListPaths = (
				"${PODS_ROOT}/Target Support Files/Pods-vocabulary-vocabularyTests/Pods-vocabulary-vocabularyTests-frameworks-${CONFIGURATION}-input-files.xcfilelist",
			);
			name = "[CP] Embed Pods Frameworks";
			outputFileListPaths = (
				"${PODS_ROOT}/Target Support Files/Pods-vocabulary-vocabularyTests/Pods-vocabulary-vocabularyTests-frameworks-${CONFIGURATION}-output-files.xcfilelist",
			);
			runOnlyForDeploymentPostprocessing = 0;
			shellPath = /bin/sh;
			shellScript = "\"${PODS_ROOT}/Target Support Files/Pods-vocabulary-vocabularyTests/Pods-vocabulary-vocabularyTests-frameworks.sh\"\n";
			showEnvVarsInLog = 0;
		};
		E235C05ADACE081382539298 /* [CP] Copy Pods Resources */ = {
			isa = PBXShellScriptBuildPhase;
			buildActionMask = 2147483647;
			files = (
			);
			inputFileListPaths = (
				"${PODS_ROOT}/Target Support Files/Pods-vocabulary/Pods-vocabulary-resources-${CONFIGURATION}-input-files.xcfilelist",
			);
			name = "[CP] Copy Pods Resources";
			outputFileListPaths = (
				"${PODS_ROOT}/Target Support Files/Pods-vocabulary/Pods-vocabulary-resources-${CONFIGURATION}-output-files.xcfilelist",
			);
			runOnlyForDeploymentPostprocessing = 0;
			shellPath = /bin/sh;
			shellScript = "\"${PODS_ROOT}/Target Support Files/Pods-vocabulary/Pods-vocabulary-resources.sh\"\n";
			showEnvVarsInLog = 0;
		};
		F6A41C54EA430FDDC6A6ED99 /* [CP] Copy Pods Resources */ = {
			isa = PBXShellScriptBuildPhase;
			buildActionMask = 2147483647;
			files = (
			);
			inputFileListPaths = (
				"${PODS_ROOT}/Target Support Files/Pods-vocabulary-vocabularyTests/Pods-vocabulary-vocabularyTests-resources-${CONFIGURATION}-input-files.xcfilelist",
			);
			name = "[CP] Copy Pods Resources";
			outputFileListPaths = (
				"${PODS_ROOT}/Target Support Files/Pods-vocabulary-vocabularyTests/Pods-vocabulary-vocabularyTests-resources-${CONFIGURATION}-output-files.xcfilelist",
			);
			runOnlyForDeploymentPostprocessing = 0;
			shellPath = /bin/sh;
			shellScript = "\"${PODS_ROOT}/Target Support Files/Pods-vocabulary-vocabularyTests/Pods-vocabulary-vocabularyTests-resources.sh\"\n";
			showEnvVarsInLog = 0;
		};
		FD10A7F022414F080027D42C /* Start Packager */ = {
			isa = PBXShellScriptBuildPhase;
			buildActionMask = 2147483647;
			files = (
			);
			inputFileListPaths = (
			);
			inputPaths = (
			);
			name = "Start Packager";
			outputFileListPaths = (
			);
			outputPaths = (
			);
			runOnlyForDeploymentPostprocessing = 0;
			shellPath = /bin/sh;
			shellScript = "export RCT_METRO_PORT=\"${RCT_METRO_PORT:=8081}\"\necho \"export RCT_METRO_PORT=${RCT_METRO_PORT}\" > \"${SRCROOT}/../node_modules/react-native/scripts/.packager.env\"\nif [ -z \"${RCT_NO_LAUNCH_PACKAGER+xxx}\" ] ; then\n  if nc -w 5 -z localhost ${RCT_METRO_PORT} ; then\n    if ! curl -s \"http://localhost:${RCT_METRO_PORT}/status\" | grep -q \"packager-status:running\" ; then\n      echo \"Port ${RCT_METRO_PORT} already in use, packager is either not running or not running correctly\"\n      exit 2\n    fi\n  else\n    open \"$SRCROOT/../node_modules/react-native/scripts/launchPackager.command\" || echo \"Can't start packager automatically\"\n  fi\nfi\n";
			showEnvVarsInLog = 0;
		};
/* End PBXShellScriptBuildPhase section */

/* Begin PBXSourcesBuildPhase section */
		00E356EA1AD99517003FC87E /* Sources */ = {
			isa = PBXSourcesBuildPhase;
			buildActionMask = 2147483647;
			files = (
				00E356F31AD99517003FC87E /* vocabularyTests.m in Sources */,
			);
			runOnlyForDeploymentPostprocessing = 0;
		};
		13B07F871A680F5B00A75B9A /* Sources */ = {
			isa = PBXSourcesBuildPhase;
			buildActionMask = 2147483647;
			files = (
				13B07FBC1A68108700A75B9A /* AppDelegate.mm in Sources */,
				13B07FC11A68108700A75B9A /* main.m in Sources */,
			);
			runOnlyForDeploymentPostprocessing = 0;
		};
/* End PBXSourcesBuildPhase section */

/* Begin PBXTargetDependency section */
		00E356F51AD99517003FC87E /* PBXTargetDependency */ = {
			isa = PBXTargetDependency;
			target = 13B07F861A680F5B00A75B9A /* vocabulary */;
			targetProxy = 00E356F41AD99517003FC87E /* PBXContainerItemProxy */;
		};
/* End PBXTargetDependency section */

/* Begin XCBuildConfiguration section */
		00E356F61AD99517003FC87E /* Debug */ = {
			isa = XCBuildConfiguration;
			baseConfigurationReference = 5B7EB9410499542E8C5724F5 /* Pods-vocabulary-vocabularyTests.debug.xcconfig */;
			buildSettings = {
				BUNDLE_LOADER = "$(TEST_HOST)";
				GCC_PREPROCESSOR_DEFINITIONS = (
					"DEBUG=1",
					"$(inherited)",
				);
				INFOPLIST_FILE = vocabularyTests/Info.plist;
				IPHONEOS_DEPLOYMENT_TARGET = 12.4;
				LD_RUNPATH_SEARCH_PATHS = (
					"$(inherited)",
					"@executable_path/Frameworks",
					"@loader_path/Frameworks",
				);
				OTHER_LDFLAGS = (
					"-ObjC",
					"-lc++",
					"$(inherited)",
				);
				PRODUCT_BUNDLE_IDENTIFIER = "org.reactjs.native.example.$(PRODUCT_NAME:rfc1034identifier)";
				PRODUCT_NAME = "$(TARGET_NAME)";
				TEST_HOST = "$(BUILT_PRODUCTS_DIR)/vocabulary.app/vocabulary";
			};
			name = Debug;
		};
		00E356F71AD99517003FC87E /* Release */ = {
			isa = XCBuildConfiguration;
			baseConfigurationReference = 89C6BE57DB24E9ADA2F236DE /* Pods-vocabulary-vocabularyTests.release.xcconfig */;
			buildSettings = {
				BUNDLE_LOADER = "$(TEST_HOST)";
				COPY_PHASE_STRIP = NO;
				INFOPLIST_FILE = vocabularyTests/Info.plist;
				IPHONEOS_DEPLOYMENT_TARGET = 12.4;
				LD_RUNPATH_SEARCH_PATHS = (
					"$(inherited)",
					"@executable_path/Frameworks",
					"@loader_path/Frameworks",
				);
				OTHER_LDFLAGS = (
					"-ObjC",
					"-lc++",
					"$(inherited)",
				);
				PRODUCT_BUNDLE_IDENTIFIER = "org.reactjs.native.example.$(PRODUCT_NAME:rfc1034identifier)";
				PRODUCT_NAME = "$(TARGET_NAME)";
				TEST_HOST = "$(BUILT_PRODUCTS_DIR)/vocabulary.app/vocabulary";
			};
			name = Release;
		};
		13B07F941A680F5B00A75B9A /* Debug */ = {
			isa = XCBuildConfiguration;
			baseConfigurationReference = 3B4392A12AC88292D35C810B /* Pods-vocabulary.debug.xcconfig */;
			buildSettings = {
				ASSETCATALOG_COMPILER_APPICON_NAME = AppIcon;
				CLANG_ENABLE_MODULES = YES;
				CURRENT_PROJECT_VERSION = 2;
				DEVELOPMENT_TEAM = 822TQ4QG82;
				ENABLE_BITCODE = NO;
				INFOPLIST_FILE = vocabulary/Info.plist;
				LD_RUNPATH_SEARCH_PATHS = (
					"$(inherited)",
					"@executable_path/Frameworks",
				);
				OTHER_LDFLAGS = (
					"$(inherited)",
					"-ObjC",
					"-lc++",
				);
				PRODUCT_BUNDLE_IDENTIFIER = "org.reactjs.native.example.$(PRODUCT_NAME:rfc1034identifier)";
				PRODUCT_NAME = vocabulary;
				SWIFT_OPTIMIZATION_LEVEL = "-Onone";
				SWIFT_VERSION = 5.0;
				VERSIONING_SYSTEM = "apple-generic";
			};
			name = Debug;
		};
		13B07F951A680F5B00A75B9A /* Release */ = {
			isa = XCBuildConfiguration;
			baseConfigurationReference = 5709B34CF0A7D63546082F79 /* Pods-vocabulary.release.xcconfig */;
			buildSettings = {
				ASSETCATALOG_COMPILER_APPICON_NAME = AppIcon;
				CLANG_ENABLE_MODULES = YES;
				CURRENT_PROJECT_VERSION = 2;
				DEVELOPMENT_TEAM = 822TQ4QG82;
				INFOPLIST_FILE = vocabulary/Info.plist;
				LD_RUNPATH_SEARCH_PATHS = (
					"$(inherited)",
					"@executable_path/Frameworks",
				);
				OTHER_LDFLAGS = (
					"$(inherited)",
					"-ObjC",
					"-lc++",
				);
				PRODUCT_BUNDLE_IDENTIFIER = "org.reactjs.native.example.$(PRODUCT_NAME:rfc1034identifier)";
				PRODUCT_NAME = vocabulary;
				SWIFT_VERSION = 5.0;
				VERSIONING_SYSTEM = "apple-generic";
			};
			name = Release;
		};
		83CBBA201A601CBA00E9B192 /* Debug */ = {
			isa = XCBuildConfiguration;
			buildSettings = {
				ALWAYS_SEARCH_USER_PATHS = NO;
				CLANG_ANALYZER_LOCALIZABILITY_NONLOCALIZED = YES;
				CLANG_CXX_LANGUAGE_STANDARD = "c++17";
				CLANG_CXX_LIBRARY = "libc++";
				CLANG_ENABLE_MODULES = YES;
				CLANG_ENABLE_OBJC_ARC = YES;
				CLANG_WARN_BLOCK_CAPTURE_AUTORELEASING = YES;
				CLANG_WARN_BOOL_CONVERSION = YES;
				CLANG_WARN_COMMA = YES;
				CLANG_WARN_CONSTANT_CONVERSION = YES;
				CLANG_WARN_DEPRECATED_OBJC_IMPLEMENTATIONS = YES;
				CLANG_WARN_DIRECT_OBJC_ISA_USAGE = YES_ERROR;
				CLANG_WARN_EMPTY_BODY = YES;
				CLANG_WARN_ENUM_CONVERSION = YES;
				CLANG_WARN_INFINITE_RECURSION = YES;
				CLANG_WARN_INT_CONVERSION = YES;
				CLANG_WARN_NON_LITERAL_NULL_CONVERSION = YES;
				CLANG_WARN_OBJC_IMPLICIT_RETAIN_SELF = YES;
				CLANG_WARN_OBJC_LITERAL_CONVERSION = YES;
				CLANG_WARN_OBJC_ROOT_CLASS = YES_ERROR;
				CLANG_WARN_QUOTED_INCLUDE_IN_FRAMEWORK_HEADER = YES;
				CLANG_WARN_RANGE_LOOP_ANALYSIS = YES;
				CLANG_WARN_STRICT_PROTOTYPES = YES;
				CLANG_WARN_SUSPICIOUS_MOVE = YES;
				CLANG_WARN_UNREACHABLE_CODE = YES;
				CLANG_WARN__DUPLICATE_METHOD_MATCH = YES;
				"CODE_SIGN_IDENTITY[sdk=iphoneos*]" = "iPhone Developer";
				COPY_PHASE_STRIP = NO;
				ENABLE_STRICT_OBJC_MSGSEND = YES;
				ENABLE_TESTABILITY = YES;
				"EXCLUDED_ARCHS[sdk=iphonesimulator*]" = "";
				GCC_C_LANGUAGE_STANDARD = gnu99;
				GCC_DYNAMIC_NO_PIC = NO;
				GCC_NO_COMMON_BLOCKS = YES;
				GCC_OPTIMIZATION_LEVEL = 0;
				GCC_PREPROCESSOR_DEFINITIONS = (
					"DEBUG=1",
					"$(inherited)",
				);
				GCC_SYMBOLS_PRIVATE_EXTERN = NO;
				GCC_WARN_64_TO_32_BIT_CONVERSION = YES;
				GCC_WARN_ABOUT_RETURN_TYPE = YES_ERROR;
				GCC_WARN_UNDECLARED_SELECTOR = YES;
				GCC_WARN_UNINITIALIZED_AUTOS = YES_AGGRESSIVE;
				GCC_WARN_UNUSED_FUNCTION = YES;
				GCC_WARN_UNUSED_VARIABLE = YES;
				IPHONEOS_DEPLOYMENT_TARGET = 12.4;
				LD_RUNPATH_SEARCH_PATHS = (
					/usr/lib/swift,
					"$(inherited)",
				);
				LIBRARY_SEARCH_PATHS = (
					"\"$(SDKROOT)/usr/lib/swift\"",
					"\"$(TOOLCHAIN_DIR)/usr/lib/swift/$(PLATFORM_NAME)\"",
					"\"$(inherited)\"",
				);
				MTL_ENABLE_DEBUG_INFO = YES;
				ONLY_ACTIVE_ARCH = YES;
				OTHER_CPLUSPLUSFLAGS = (
					"$(OTHER_CFLAGS)",
					"-DFOLLY_NO_CONFIG",
					"-DFOLLY_MOBILE=1",
					"-DFOLLY_USE_LIBCPP=1",
				);
				REACT_NATIVE_PATH = "${PODS_ROOT}/../../node_modules/react-native";
				SDKROOT = iphoneos;
			};
			name = Debug;
		};
		83CBBA211A601CBA00E9B192 /* Release */ = {
			isa = XCBuildConfiguration;
			buildSettings = {
				ALWAYS_SEARCH_USER_PATHS = NO;
				CLANG_ANALYZER_LOCALIZABILITY_NONLOCALIZED = YES;
				CLANG_CXX_LANGUAGE_STANDARD = "c++17";
				CLANG_CXX_LIBRARY = "libc++";
				CLANG_ENABLE_MODULES = YES;
				CLANG_ENABLE_OBJC_ARC = YES;
				CLANG_WARN_BLOCK_CAPTURE_AUTORELEASING = YES;
				CLANG_WARN_BOOL_CONVERSION = YES;
				CLANG_WARN_COMMA = YES;
				CLANG_WARN_CONSTANT_CONVERSION = YES;
				CLANG_WARN_DEPRECATED_OBJC_IMPLEMENTATIONS = YES;
				CLANG_WARN_DIRECT_OBJC_ISA_USAGE = YES_ERROR;
				CLANG_WARN_EMPTY_BODY = YES;
				CLANG_WARN_ENUM_CONVERSION = YES;
				CLANG_WARN_INFINITE_RECURSION = YES;
				CLANG_WARN_INT_CONVERSION = YES;
				CLANG_WARN_NON_LITERAL_NULL_CONVERSION = YES;
				CLANG_WARN_OBJC_IMPLICIT_RETAIN_SELF = YES;
				CLANG_WARN_OBJC_LITERAL_CONVERSION = YES;
				CLANG_WARN_OBJC_ROOT_CLASS = YES_ERROR;
				CLANG_WARN_QUOTED_INCLUDE_IN_FRAMEWORK_HEADER = YES;
				CLANG_WARN_RANGE_LOOP_ANALYSIS = YES;
				CLANG_WARN_STRICT_PROTOTYPES = YES;
				CLANG_WARN_SUSPICIOUS_MOVE = YES;
				CLANG_WARN_UNREACHABLE_CODE = YES;
				CLANG_WARN__DUPLICATE_METHOD_MATCH = YES;
				"CODE_SIGN_IDENTITY[sdk=iphoneos*]" = "iPhone Developer";
				COPY_PHASE_STRIP = YES;
				ENABLE_NS_ASSERTIONS = NO;
				ENABLE_STRICT_OBJC_MSGSEND = YES;
				"EXCLUDED_ARCHS[sdk=iphonesimulator*]" = "";
				GCC_C_LANGUAGE_STANDARD = gnu99;
				GCC_NO_COMMON_BLOCKS = YES;
				GCC_WARN_64_TO_32_BIT_CONVERSION = YES;
				GCC_WARN_ABOUT_RETURN_TYPE = YES_ERROR;
				GCC_WARN_UNDECLARED_SELECTOR = YES;
				GCC_WARN_UNINITIALIZED_AUTOS = YES_AGGRESSIVE;
				GCC_WARN_UNUSED_FUNCTION = YES;
				GCC_WARN_UNUSED_VARIABLE = YES;
				IPHONEOS_DEPLOYMENT_TARGET = 12.4;
				LD_RUNPATH_SEARCH_PATHS = (
					/usr/lib/swift,
					"$(inherited)",
				);
				LIBRARY_SEARCH_PATHS = (
					"\"$(SDKROOT)/usr/lib/swift\"",
					"\"$(TOOLCHAIN_DIR)/usr/lib/swift/$(PLATFORM_NAME)\"",
					"\"$(inherited)\"",
				);
				MTL_ENABLE_DEBUG_INFO = NO;
				OTHER_CPLUSPLUSFLAGS = (
					"$(OTHER_CFLAGS)",
					"-DFOLLY_NO_CONFIG",
					"-DFOLLY_MOBILE=1",
					"-DFOLLY_USE_LIBCPP=1",
				);
				REACT_NATIVE_PATH = "${PODS_ROOT}/../../node_modules/react-native";
				SDKROOT = iphoneos;
				VALIDATE_PRODUCT = YES;
			};
			name = Release;
		};
/* End XCBuildConfiguration section */

/* Begin XCConfigurationList section */
		00E357021AD99517003FC87E /* Build configuration list for PBXNativeTarget "vocabularyTests" */ = {
			isa = XCConfigurationList;
			buildConfigurations = (
				00E356F61AD99517003FC87E /* Debug */,
				00E356F71AD99517003FC87E /* Release */,
			);
			defaultConfigurationIsVisible = 0;
			defaultConfigurationName = Release;
		};
		13B07F931A680F5B00A75B9A /* Build configuration list for PBXNativeTarget "vocabulary" */ = {
			isa = XCConfigurationList;
			buildConfigurations = (
				13B07F941A680F5B00A75B9A /* Debug */,
				13B07F951A680F5B00A75B9A /* Release */,
			);
			defaultConfigurationIsVisible = 0;
			defaultConfigurationName = Release;
		};
		83CBB9FA1A601CBA00E9B192 /* Build configuration list for PBXProject "vocabulary" */ = {
			isa = XCConfigurationList;
			buildConfigurations = (
				83CBBA201A601CBA00E9B192 /* Debug */,
				83CBBA211A601CBA00E9B192 /* Release */,
			);
			defaultConfigurationIsVisible = 0;
			defaultConfigurationName = Release;
		};
/* End XCConfigurationList section */
	};
	rootObject = 83CBB9F71A601CBA00E9B192 /* Project object */;
}
